// !$*UTF8*$!
{
	archiveVersion = 1;
	classes = {
	};
	objectVersion = 46;
	objects = {

/* Begin PBXBuildFile section */
		F2234C6B1DCA1E2E00D6F534 /* main.m in Sources */ = {isa = PBXBuildFile; fileRef = F2234C6A1DCA1E2E00D6F534 /* main.m */; };
		F2234C6E1DCA1E2E00D6F534 /* AppDelegate.m in Sources */ = {isa = PBXBuildFile; fileRef = F2234C6D1DCA1E2E00D6F534 /* AppDelegate.m */; };
		F2234C711DCA1E2E00D6F534 /* ViewController.m in Sources */ = {isa = PBXBuildFile; fileRef = F2234C701DCA1E2E00D6F534 /* ViewController.m */; };
		F2234C741DCA1E2E00D6F534 /* Main.storyboard in Resources */ = {isa = PBXBuildFile; fileRef = F2234C721DCA1E2E00D6F534 /* Main.storyboard */; };
		F2234C761DCA1E2E00D6F534 /* Assets.xcassets in Resources */ = {isa = PBXBuildFile; fileRef = F2234C751DCA1E2E00D6F534 /* Assets.xcassets */; };
		F2234C791DCA1E2E00D6F534 /* LaunchScreen.storyboard in Resources */ = {isa = PBXBuildFile; fileRef = F2234C771DCA1E2E00D6F534 /* LaunchScreen.storyboard */; };
		F2234C841DCA1E2E00D6F534 /* RollTabTests.m in Sources */ = {isa = PBXBuildFile; fileRef = F2234C831DCA1E2E00D6F534 /* RollTabTests.m */; };
		F2234C8F1DCA1E2E00D6F534 /* RollTabUITests.m in Sources */ = {isa = PBXBuildFile; fileRef = F2234C8E1DCA1E2E00D6F534 /* RollTabUITests.m */; };
/* End PBXBuildFile section */

/* Begin PBXContainerItemProxy section */
		F2234C801DCA1E2E00D6F534 /* PBXContainerItemProxy */ = {
			isa = PBXContainerItemProxy;
			containerPortal = F2234C5E1DCA1E2E00D6F534 /* Project object */;
			proxyType = 1;
			remoteGlobalIDString = F2234C651DCA1E2E00D6F534;
			remoteInfo = RollTab;
		};
		F2234C8B1DCA1E2E00D6F534 /* PBXContainerItemProxy */ = {
			isa = PBXContainerItemProxy;
			containerPortal = F2234C5E1DCA1E2E00D6F534 /* Project object */;
			proxyType = 1;
			remoteGlobalIDString = F2234C651DCA1E2E00D6F534;
			remoteInfo = RollTab;
		};
/* End PBXContainerItemProxy section */

/* Begin PBXFileReference section */
		F2234C661DCA1E2E00D6F534 /* RollTab.app */ = {isa = PBXFileReference; explicitFileType = wrapper.application; includeInIndex = 0; path = RollTab.app; sourceTree = BUILT_PRODUCTS_DIR; };
		F2234C6A1DCA1E2E00D6F534 /* main.m */ = {isa = PBXFileReference; lastKnownFileType = sourcecode.c.objc; path = main.m; sourceTree = "<group>"; };
		F2234C6C1DCA1E2E00D6F534 /* AppDelegate.h */ = {isa = PBXFileReference; lastKnownFileType = sourcecode.c.h; path = AppDelegate.h; sourceTree = "<group>"; };
		F2234C6D1DCA1E2E00D6F534 /* AppDelegate.m */ = {isa = PBXFileReference; lastKnownFileType = sourcecode.c.objc; path = AppDelegate.m; sourceTree = "<group>"; };
		F2234C6F1DCA1E2E00D6F534 /* ViewController.h */ = {isa = PBXFileReference; lastKnownFileType = sourcecode.c.h; path = ViewController.h; sourceTree = "<group>"; };
		F2234C701DCA1E2E00D6F534 /* ViewController.m */ = {isa = PBXFileReference; lastKnownFileType = sourcecode.c.objc; path = ViewController.m; sourceTree = "<group>"; };
		F2234C731DCA1E2E00D6F534 /* Base */ = {isa = PBXFileReference; lastKnownFileType = file.storyboard; name = Base; path = Base.lproj/Main.storyboard; sourceTree = "<group>"; };
		F2234C751DCA1E2E00D6F534 /* Assets.xcassets */ = {isa = PBXFileReference; lastKnownFileType = folder.assetcatalog; path = Assets.xcassets; sourceTree = "<group>"; };
		F2234C781DCA1E2E00D6F534 /* Base */ = {isa = PBXFileReference; lastKnownFileType = file.storyboard; name = Base; path = Base.lproj/LaunchScreen.storyboard; sourceTree = "<group>"; };
		F2234C7A1DCA1E2E00D6F534 /* Info.plist */ = {isa = PBXFileReference; lastKnownFileType = text.plist.xml; path = Info.plist; sourceTree = "<group>"; };
		F2234C7F1DCA1E2E00D6F534 /* RollTabTests.xctest */ = {isa = PBXFileReference; explicitFileType = wrapper.cfbundle; includeInIndex = 0; path = RollTabTests.xctest; sourceTree = BUILT_PRODUCTS_DIR; };
		F2234C831DCA1E2E00D6F534 /* RollTabTests.m */ = {isa = PBXFileReference; lastKnownFileType = sourcecode.c.objc; path = RollTabTests.m; sourceTree = "<group>"; };
		F2234C851DCA1E2E00D6F534 /* Info.plist */ = {isa = PBXFileReference; lastKnownFileType = text.plist.xml; path = Info.plist; sourceTree = "<group>"; };
		F2234C8A1DCA1E2E00D6F534 /* RollTabUITests.xctest */ = {isa = PBXFileReference; explicitFileType = wrapper.cfbundle; includeInIndex = 0; path = RollTabUITests.xctest; sourceTree = BUILT_PRODUCTS_DIR; };
		F2234C8E1DCA1E2E00D6F534 /* RollTabUITests.m */ = {isa = PBXFileReference; lastKnownFileType = sourcecode.c.objc; path = RollTabUITests.m; sourceTree = "<group>"; };
		F2234C901DCA1E2E00D6F534 /* Info.plist */ = {isa = PBXFileReference; lastKnownFileType = text.plist.xml; path = Info.plist; sourceTree = "<group>"; };
/* End PBXFileReference section */

/* Begin PBXFrameworksBuildPhase section */
		F2234C631DCA1E2E00D6F534 /* Frameworks */ = {
			isa = PBXFrameworksBuildPhase;
			buildActionMask = 2147483647;
			files = (
			);
			runOnlyForDeploymentPostprocessing = 0;
		};
		F2234C7C1DCA1E2E00D6F534 /* Frameworks */ = {
			isa = PBXFrameworksBuildPhase;
			buildActionMask = 2147483647;
			files = (
			);
			runOnlyForDeploymentPostprocessing = 0;
		};
		F2234C871DCA1E2E00D6F534 /* Frameworks */ = {
			isa = PBXFrameworksBuildPhase;
			buildActionMask = 2147483647;
			files = (
			);
			runOnlyForDeploymentPostprocessing = 0;
		};
/* End PBXFrameworksBuildPhase section */

/* Begin PBXGroup section */
		F2234C5D1DCA1E2E00D6F534 = {
			isa = PBXGroup;
			children = (
				F2234C681DCA1E2E00D6F534 /* RollTab */,
				F2234C821DCA1E2E00D6F534 /* RollTabTests */,
				F2234C8D1DCA1E2E00D6F534 /* RollTabUITests */,
				F2234C671DCA1E2E00D6F534 /* Products */,
			);
			sourceTree = "<group>";
		};
		F2234C671DCA1E2E00D6F534 /* Products */ = {
			isa = PBXGroup;
			children = (
				F2234C661DCA1E2E00D6F534 /* RollTab.app */,
				F2234C7F1DCA1E2E00D6F534 /* RollTabTests.xctest */,
				F2234C8A1DCA1E2E00D6F534 /* RollTabUITests.xctest */,
			);
			name = Products;
			sourceTree = "<group>";
		};
		F2234C681DCA1E2E00D6F534 /* RollTab */ = {
			isa = PBXGroup;
			children = (
				F2234C6C1DCA1E2E00D6F534 /* AppDelegate.h */,
				F2234C6D1DCA1E2E00D6F534 /* AppDelegate.m */,
				F2234C6F1DCA1E2E00D6F534 /* ViewController.h */,
				F2234C701DCA1E2E00D6F534 /* ViewController.m */,
				F2234C721DCA1E2E00D6F534 /* Main.storyboard */,
				F2234C751DCA1E2E00D6F534 /* Assets.xcassets */,
				F2234C771DCA1E2E00D6F534 /* LaunchScreen.storyboard */,
				F2234C7A1DCA1E2E00D6F534 /* Info.plist */,
				F2234C691DCA1E2E00D6F534 /* Supporting Files */,
			);
			path = RollTab;
			sourceTree = "<group>";
		};
		F2234C691DCA1E2E00D6F534 /* Supporting Files */ = {
			isa = PBXGroup;
			children = (
				F2234C6A1DCA1E2E00D6F534 /* main.m */,
			);
			name = "Supporting Files";
			sourceTree = "<group>";
		};
		F2234C821DCA1E2E00D6F534 /* RollTabTests */ = {
			isa = PBXGroup;
			children = (
				F2234C831DCA1E2E00D6F534 /* RollTabTests.m */,
				F2234C851DCA1E2E00D6F534 /* Info.plist */,
			);
			path = RollTabTests;
			sourceTree = "<group>";
		};
		F2234C8D1DCA1E2E00D6F534 /* RollTabUITests */ = {
			isa = PBXGroup;
			children = (
				F2234C8E1DCA1E2E00D6F534 /* RollTabUITests.m */,
				F2234C901DCA1E2E00D6F534 /* Info.plist */,
			);
			path = RollTabUITests;
			sourceTree = "<group>";
		};
/* End PBXGroup section */

/* Begin PBXNativeTarget section */
		F2234C651DCA1E2E00D6F534 /* RollTab */ = {
			isa = PBXNativeTarget;
			buildConfigurationList = F2234C931DCA1E2E00D6F534 /* Build configuration list for PBXNativeTarget "RollTab" */;
			buildPhases = (
				F2234C621DCA1E2E00D6F534 /* Sources */,
				F2234C631DCA1E2E00D6F534 /* Frameworks */,
				F2234C641DCA1E2E00D6F534 /* Resources */,
			);
			buildRules = (
			);
			dependencies = (
			);
			name = RollTab;
			productName = RollTab;
			productReference = F2234C661DCA1E2E00D6F534 /* RollTab.app */;
			productType = "com.apple.product-type.application";
		};
		F2234C7E1DCA1E2E00D6F534 /* RollTabTests */ = {
			isa = PBXNativeTarget;
			buildConfigurationList = F2234C961DCA1E2E00D6F534 /* Build configuration list for PBXNativeTarget "RollTabTests" */;
			buildPhases = (
				F2234C7B1DCA1E2E00D6F534 /* Sources */,
				F2234C7C1DCA1E2E00D6F534 /* Frameworks */,
				F2234C7D1DCA1E2E00D6F534 /* Resources */,
			);
			buildRules = (
			);
			dependencies = (
				F2234C811DCA1E2E00D6F534 /* PBXTargetDependency */,
			);
			name = RollTabTests;
			productName = RollTabTests;
			productReference = F2234C7F1DCA1E2E00D6F534 /* RollTabTests.xctest */;
			productType = "com.apple.product-type.bundle.unit-test";
		};
		F2234C891DCA1E2E00D6F534 /* RollTabUITests */ = {
			isa = PBXNativeTarget;
			buildConfigurationList = F2234C991DCA1E2E00D6F534 /* Build configuration list for PBXNativeTarget "RollTabUITests" */;
			buildPhases = (
				F2234C861DCA1E2E00D6F534 /* Sources */,
				F2234C871DCA1E2E00D6F534 /* Frameworks */,
				F2234C881DCA1E2E00D6F534 /* Resources */,
			);
			buildRules = (
			);
			dependencies = (
				F2234C8C1DCA1E2E00D6F534 /* PBXTargetDependency */,
			);
			name = RollTabUITests;
			productName = RollTabUITests;
			productReference = F2234C8A1DCA1E2E00D6F534 /* RollTabUITests.xctest */;
			productType = "com.apple.product-type.bundle.ui-testing";
		};
/* End PBXNativeTarget section */

/* Begin PBXProject section */
		F2234C5E1DCA1E2E00D6F534 /* Project object */ = {
			isa = PBXProject;
			attributes = {
				LastUpgradeCheck = 0810;
				ORGANIZATIONNAME = "陈东芝";
				TargetAttributes = {
					F2234C651DCA1E2E00D6F534 = {
						CreatedOnToolsVersion = 8.1;
						DevelopmentTeam = 3G8327GJ7X;
						ProvisioningStyle = Automatic;
					};
					F2234C7E1DCA1E2E00D6F534 = {
						CreatedOnToolsVersion = 8.1;
						DevelopmentTeam = 3G8327GJ7X;
						ProvisioningStyle = Automatic;
						TestTargetID = F2234C651DCA1E2E00D6F534;
					};
					F2234C891DCA1E2E00D6F534 = {
						CreatedOnToolsVersion = 8.1;
						DevelopmentTeam = 3G8327GJ7X;
						ProvisioningStyle = Automatic;
						TestTargetID = F2234C651DCA1E2E00D6F534;
					};
				};
			};
			buildConfigurationList = F2234C611DCA1E2E00D6F534 /* Build configuration list for PBXProject "RollTab" */;
			compatibilityVersion = "Xcode 3.2";
			developmentRegion = English;
			hasScannedForEncodings = 0;
			knownRegions = (
				en,
				Base,
			);
			mainGroup = F2234C5D1DCA1E2E00D6F534;
			productRefGroup = F2234C671DCA1E2E00D6F534 /* Products */;
			projectDirPath = "";
			projectRoot = "";
			targets = (
				F2234C651DCA1E2E00D6F534 /* RollTab */,
				F2234C7E1DCA1E2E00D6F534 /* RollTabTests */,
				F2234C891DCA1E2E00D6F534 /* RollTabUITests */,
			);
		};
/* End PBXProject section */

/* Begin PBXResourcesBuildPhase section */
		F2234C641DCA1E2E00D6F534 /* Resources */ = {
			isa = PBXResourcesBuildPhase;
			buildActionMask = 2147483647;
			files = (
				F2234C791DCA1E2E00D6F534 /* LaunchScreen.storyboard in Resources */,
				F2234C761DCA1E2E00D6F534 /* Assets.xcassets in Resources */,
				F2234C741DCA1E2E00D6F534 /* Main.storyboard in Resources */,
			);
			runOnlyForDeploymentPostprocessing = 0;
		};
		F2234C7D1DCA1E2E00D6F534 /* Resources */ = {
			isa = PBXResourcesBuildPhase;
			buildActionMask = 2147483647;
			files = (
			);
			runOnlyForDeploymentPostprocessing = 0;
		};
		F2234C881DCA1E2E00D6F534 /* Resources */ = {
			isa = PBXResourcesBuildPhase;
			buildActionMask = 2147483647;
			files = (
			);
			runOnlyForDeploymentPostprocessing = 0;
		};
/* End PBXResourcesBuildPhase section */

/* Begin PBXSourcesBuildPhase section */
		F2234C621DCA1E2E00D6F534 /* Sources */ = {
			isa = PBXSourcesBuildPhase;
			buildActionMask = 2147483647;
			files = (
				F2234C711DCA1E2E00D6F534 /* ViewController.m in Sources */,
				F2234C6E1DCA1E2E00D6F534 /* AppDelegate.m in Sources */,
				F2234C6B1DCA1E2E00D6F534 /* main.m in Sources */,
			);
			runOnlyForDeploymentPostprocessing = 0;
		};
		F2234C7B1DCA1E2E00D6F534 /* Sources */ = {
			isa = PBXSourcesBuildPhase;
			buildActionMask = 2147483647;
			files = (
				F2234C841DCA1E2E00D6F534 /* RollTabTests.m in Sources */,
			);
			runOnlyForDeploymentPostprocessing = 0;
		};
		F2234C861DCA1E2E00D6F534 /* Sources */ = {
			isa = PBXSourcesBuildPhase;
			buildActionMask = 2147483647;
			files = (
				F2234C8F1DCA1E2E00D6F534 /* RollTabUITests.m in Sources */,
			);
			runOnlyForDeploymentPostprocessing = 0;
		};
/* End PBXSourcesBuildPhase section */

/* Begin PBXTargetDependency section */
		F2234C811DCA1E2E00D6F534 /* PBXTargetDependency */ = {
			isa = PBXTargetDependency;
			target = F2234C651DCA1E2E00D6F534 /* RollTab */;
			targetProxy = F2234C801DCA1E2E00D6F534 /* PBXContainerItemProxy */;
		};
		F2234C8C1DCA1E2E00D6F534 /* PBXTargetDependency */ = {
			isa = PBXTargetDependency;
			target = F2234C651DCA1E2E00D6F534 /* RollTab */;
			targetProxy = F2234C8B1DCA1E2E00D6F534 /* PBXContainerItemProxy */;
		};
/* End PBXTargetDependency section */

/* Begin PBXVariantGroup section */
		F2234C721DCA1E2E00D6F534 /* Main.storyboard */ = {
			isa = PBXVariantGroup;
			children = (
				F2234C731DCA1E2E00D6F534 /* Base */,
			);
			name = Main.storyboard;
			sourceTree = "<group>";
		};
		F2234C771DCA1E2E00D6F534 /* LaunchScreen.storyboard */ = {
			isa = PBXVariantGroup;
			children = (
				F2234C781DCA1E2E00D6F534 /* Base */,
			);
			name = LaunchScreen.storyboard;
			sourceTree = "<group>";
		};
/* End PBXVariantGroup section */

/* Begin XCBuildConfiguration section */
		F2234C911DCA1E2E00D6F534 /* Debug */ = {
			isa = XCBuildConfiguration;
			buildSettings = {
				ALWAYS_SEARCH_USER_PATHS = NO;
				CLANG_ANALYZER_NONNULL = YES;
				CLANG_CXX_LANGUAGE_STANDARD = "gnu++0x";
				CLANG_CXX_LIBRARY = "libc++";
				CLANG_ENABLE_MODULES = YES;
				CLANG_ENABLE_OBJC_ARC = YES;
				CLANG_WARN_BOOL_CONVERSION = YES;
				CLANG_WARN_CONSTANT_CONVERSION = YES;
				CLANG_WARN_DIRECT_OBJC_ISA_USAGE = YES_ERROR;
				CLANG_WARN_DOCUMENTATION_COMMENTS = YES;
				CLANG_WARN_EMPTY_BODY = YES;
				CLANG_WARN_ENUM_CONVERSION = YES;
				CLANG_WARN_INFINITE_RECURSION = YES;
				CLANG_WARN_INT_CONVERSION = YES;
				CLANG_WARN_OBJC_ROOT_CLASS = YES_ERROR;
				CLANG_WARN_SUSPICIOUS_MOVES = YES;
				CLANG_WARN_UNREACHABLE_CODE = YES;
				CLANG_WARN__DUPLICATE_METHOD_MATCH = YES;
				"CODE_SIGN_IDENTITY[sdk=iphoneos*]" = "iPhone Developer";
				COPY_PHASE_STRIP = NO;
				DEBUG_INFORMATION_FORMAT = dwarf;
				ENABLE_STRICT_OBJC_MSGSEND = YES;
				ENABLE_TESTABILITY = YES;
				GCC_C_LANGUAGE_STANDARD = gnu99;
				GCC_DYNAMIC_NO_PIC = NO;
				GCC_NO_COMMON_BLOCKS = YES;
				GCC_OPTIMIZATION_LEVEL = 0;
				GCC_PREPROCESSOR_DEFINITIONS = (
					"DEBUG=1",
					"$(inherited)",
				);
				GCC_WARN_64_TO_32_BIT_CONVERSION = YES;
				GCC_WARN_ABOUT_RETURN_TYPE = YES_ERROR;
				GCC_WARN_UNDECLARED_SELECTOR = YES;
				GCC_WARN_UNINITIALIZED_AUTOS = YES_AGGRESSIVE;
				GCC_WARN_UNUSED_FUNCTION = YES;
				GCC_WARN_UNUSED_VARIABLE = YES;
				IPHONEOS_DEPLOYMENT_TARGET = 10.1;
				MTL_ENABLE_DEBUG_INFO = YES;
				ONLY_ACTIVE_ARCH = YES;
				SDKROOT = iphoneos;
				TARGETED_DEVICE_FAMILY = "1,2";
			};
			name = Debug;
		};
		F2234C921DCA1E2E00D6F534 /* Release */ = {
			isa = XCBuildConfiguration;
			buildSettings = {
				ALWAYS_SEARCH_USER_PATHS = NO;
				CLANG_ANALYZER_NONNULL = YES;
				CLANG_CXX_LANGUAGE_STANDARD = "gnu++0x";
				CLANG_CXX_LIBRARY = "libc++";
				CLANG_ENABLE_MODULES = YES;
				CLANG_ENABLE_OBJC_ARC = YES;
				CLANG_WARN_BOOL_CONVERSION = YES;
				CLANG_WARN_CONSTANT_CONVERSION = YES;
				CLANG_WARN_DIRECT_OBJC_ISA_USAGE = YES_ERROR;
				CLANG_WARN_DOCUMENTATION_COMMENTS = YES;
				CLANG_WARN_EMPTY_BODY = YES;
				CLANG_WARN_ENUM_CONVERSION = YES;
				CLANG_WARN_INFINITE_RECURSION = YES;
				CLANG_WARN_INT_CONVERSION = YES;
				CLANG_WARN_OBJC_ROOT_CLASS = YES_ERROR;
				CLANG_WARN_SUSPICIOUS_MOVES = YES;
				CLANG_WARN_UNREACHABLE_CODE = YES;
				CLANG_WARN__DUPLICATE_METHOD_MATCH = YES;
				"CODE_SIGN_IDENTITY[sdk=iphoneos*]" = "iPhone Developer";
				COPY_PHASE_STRIP = NO;
				DEBUG_INFORMATION_FORMAT = "dwarf-with-dsym";
				ENABLE_NS_ASSERTIONS = NO;
				ENABLE_STRICT_OBJC_MSGSEND = YES;
				GCC_C_LANGUAGE_STANDARD = gnu99;
				GCC_NO_COMMON_BLOCKS = YES;
				GCC_WARN_64_TO_32_BIT_CONVERSION = YES;
				GCC_WARN_ABOUT_RETURN_TYPE = YES_ERROR;
				GCC_WARN_UNDECLARED_SELECTOR = YES;
				GCC_WARN_UNINITIALIZED_AUTOS = YES_AGGRESSIVE;
				GCC_WARN_UNUSED_FUNCTION = YES;
				GCC_WARN_UNUSED_VARIABLE = YES;
				IPHONEOS_DEPLOYMENT_TARGET = 10.1;
				MTL_ENABLE_DEBUG_INFO = NO;
				SDKROOT = iphoneos;
				TARGETED_DEVICE_FAMILY = "1,2";
				VALIDATE_PRODUCT = YES;
			};
			name = Release;
		};
		F2234C941DCA1E2E00D6F534 /* Debug */ = {
			isa = XCBuildConfiguration;
			buildSettings = {
				ASSETCATALOG_COMPILER_APPICON_NAME = AppIcon;
				DEVELOPMENT_TEAM = 3G8327GJ7X;
				INFOPLIST_FILE = RollTab/Info.plist;
				LD_RUNPATH_SEARCH_PATHS = "$(inherited) @executable_path/Frameworks";
				PRODUCT_BUNDLE_IDENTIFIER = ChenDongZhi.RollTab;
				PRODUCT_NAME = "$(TARGET_NAME)";
			};
			name = Debug;
		};
		F2234C951DCA1E2E00D6F534 /* Release */ = {
			isa = XCBuildConfiguration;
			buildSettings = {
				ASSETCATALOG_COMPILER_APPICON_NAME = AppIcon;
				DEVELOPMENT_TEAM = 3G8327GJ7X;
				INFOPLIST_FILE = RollTab/Info.plist;
				LD_RUNPATH_SEARCH_PATHS = "$(inherited) @executable_path/Frameworks";
				PRODUCT_BUNDLE_IDENTIFIER = ChenDongZhi.RollTab;
				PRODUCT_NAME = "$(TARGET_NAME)";
			};
			name = Release;
		};
		F2234C971DCA1E2E00D6F534 /* Debug */ = {
			isa = XCBuildConfiguration;
			buildSettings = {
				BUNDLE_LOADER = "$(TEST_HOST)";
				DEVELOPMENT_TEAM = 3G8327GJ7X;
				INFOPLIST_FILE = RollTabTests/Info.plist;
				LD_RUNPATH_SEARCH_PATHS = "$(inherited) @executable_path/Frameworks @loader_path/Frameworks";
				PRODUCT_BUNDLE_IDENTIFIER = ChenDongZhi.RollTabTests;
				PRODUCT_NAME = "$(TARGET_NAME)";
				TEST_HOST = "$(BUILT_PRODUCTS_DIR)/RollTab.app/RollTab";
			};
			name = Debug;
		};
		F2234C981DCA1E2E00D6F534 /* Release */ = {
			isa = XCBuildConfiguration;
			buildSettings = {
				BUNDLE_LOADER = "$(TEST_HOST)";
				DEVELOPMENT_TEAM = 3G8327GJ7X;
				INFOPLIST_FILE = RollTabTests/Info.plist;
				LD_RUNPATH_SEARCH_PATHS = "$(inherited) @executable_path/Frameworks @loader_path/Frameworks";
				PRODUCT_BUNDLE_IDENTIFIER = ChenDongZhi.RollTabTests;
				PRODUCT_NAME = "$(TARGET_NAME)";
				TEST_HOST = "$(BUILT_PRODUCTS_DIR)/RollTab.app/RollTab";
			};
			name = Release;
		};
		F2234C9A1DCA1E2E00D6F534 /* Debug */ = {
			isa = XCBuildConfiguration;
			buildSettings = {
				DEVELOPMENT_TEAM = 3G8327GJ7X;
				INFOPLIST_FILE = RollTabUITests/Info.plist;
				LD_RUNPATH_SEARCH_PATHS = "$(inherited) @executable_path/Frameworks @loader_path/Frameworks";
				PRODUCT_BUNDLE_IDENTIFIER = ChenDongZhi.RollTabUITests;
				PRODUCT_NAME = "$(TARGET_NAME)";
				TEST_TARGET_NAME = RollTab;
			};
			name = Debug;
		};
		F2234C9B1DCA1E2E00D6F534 /* Release */ = {
			isa = XCBuildConfiguration;
			buildSettings = {
				DEVELOPMENT_TEAM = 3G8327GJ7X;
				INFOPLIST_FILE = RollTabUITests/Info.plist;
				LD_RUNPATH_SEARCH_PATHS = "$(inherited) @executable_path/Frameworks @loader_path/Frameworks";
				PRODUCT_BUNDLE_IDENTIFIER = ChenDongZhi.RollTabUITests;
				PRODUCT_NAME = "$(TARGET_NAME)";
				TEST_TARGET_NAME = RollTab;
			};
			name = Release;
		};
/* End XCBuildConfiguration section */

/* Begin XCConfigurationList section */
		F2234C611DCA1E2E00D6F534 /* Build configuration list for PBXProject "RollTab" */ = {
			isa = XCConfigurationList;
			buildConfigurations = (
				F2234C911DCA1E2E00D6F534 /* Debug */,
				F2234C921DCA1E2E00D6F534 /* Release */,
			);
			defaultConfigurationIsVisible = 0;
			defaultConfigurationName = Release;
		};
		F2234C931DCA1E2E00D6F534 /* Build configuration list for PBXNativeTarget "RollTab" */ = {
			isa = XCConfigurationList;
			buildConfigurations = (
				F2234C941DCA1E2E00D6F534 /* Debug */,
				F2234C951DCA1E2E00D6F534 /* Release */,
			);
			defaultConfigurationIsVisible = 0;
		};
		F2234C961DCA1E2E00D6F534 /* Build configuration list for PBXNativeTarget "RollTabTests" */ = {
			isa = XCConfigurationList;
			buildConfigurations = (
				F2234C971DCA1E2E00D6F534 /* Debug */,
				F2234C981DCA1E2E00D6F534 /* Release */,
			);
			defaultConfigurationIsVisible = 0;
		};
		F2234C991DCA1E2E00D6F534 /* Build configuration list for PBXNativeTarget "RollTabUITests" */ = {
			isa = XCConfigurationList;
			buildConfigurations = (
				F2234C9A1DCA1E2E00D6F534 /* Debug */,
				F2234C9B1DCA1E2E00D6F534 /* Release */,
			);
			defaultConfigurationIsVisible = 0;
		};
/* End XCConfigurationList section */
	};
	rootObject = F2234C5E1DCA1E2E00D6F534 /* Project object */;
}
